{
  "name": "@bitcaster/swap-protocol",
  "version": "0.1.0",
  "lockfileVersion": 3,
  "requires": true,
  "packages": {
    "": {
      "name": "@bitcaster/swap-protocol",
      "version": "0.1.0",
      "dependencies": {
        "@cashu/cashu-ts": "file:../cashu-ts",
        "@noble/curves": "^2.2.0",
        "@noble/hashes": "^2.0.0"
      },
      "devDependencies": {
        "@types/node": "^22.19.19",
        "typescript": "^5.7.2"
      },
      "engines": {
        "node": ">=22"
      }
    },
    "../cashu-ts": {
      "name": "@cashu/cashu-ts",
      "version": "4.5.0",
      "license": "MIT",
      "dependencies": {
        "@noble/curves": "^2.2.0",
        "@noble/hashes": "^2.2.0",
        "@scure/base": "^2.2.0",
        "@scure/bip32": "^2.2.0"
      },
      "devDependencies": {
        "@commitlint/cli": "^20.5.3",
        "@commitlint/config-conventional": "^20.5.3",
        "@eslint/js": "^9.39.4",
        "@microsoft/api-extractor": "^7.58.7",
        "@types/node": "^25.6.0",
        "@types/node-fetch": "^2.6.4",
        "@types/ws": "^8.5.10",
        "@vitest/browser": "^4.1.5",
        "@vitest/browser-playwright": "^4.1.5",
        "@vitest/coverage-v8": "^4.1.5",
        "eslint": "^9.39.4",
        "eslint-config-prettier": "^10.1.8",
        "eslint-import-resolver-typescript": "^4.4.4",
        "eslint-plugin-import": "^2.32.0",
        "eslint-plugin-n": "^17.24.0",
        "eslint-plugin-promise": "^7.3.0",
        "globals": "^16.5.0",
        "husky": "^9.1.7",
        "lint-staged": "^16.4.0",
        "mock-socket": "^9.3.1",
        "msw": "^2.14.2",
        "node-fetch": "^3.3.2",
        "playwright": "^1.59.1",
        "prettier": "^3.8.3",
        "prettier-plugin-jsdoc": "^1.8.0",
        "replace-in-file": "^8.4.0",
        "ts-node": "^10.9.2",
        "tsx": "^4.21.0",
        "typedoc": "^0.28.19",
        "typedoc-plugin-pages": "^1.1.0",
        "typescript": "^5.9.3",
        "typescript-eslint": "^8.59.1",
        "vite": "^8.0.10",
        "vite-plugin-dts": "^4.5.4",
        "vitest": "^4.1.5",
        "ws": "^8.20.0"
      },
      "engines": {
        "node": ">=22.4.0"
      }
    },
    "node_modules/@cashu/cashu-ts": {
      "resolved": "../cashu-ts",
      "link": true
    },
    "node_modules/@noble/curves": {
      "version": "2.2.0",
      "resolved": "https://registry.npmjs.org/@noble/curves/-/curves-2.2.0.tgz",
      "integrity": "sha512-T/BoHgFXirb0ENSPBquzX0rcjXeM6Lo892a2jlYJkqk83LqZx0l1Of7DzlKJ6jkpvMrkHSnAcgb5JegL8SeIkQ==",
      "license": "MIT",
      "dependencies": {
        "@noble/hashes": "2.2.0"
      },
      "engines": {
        "node": ">= 20.19.0"
      },
      "funding": {
        "url": "https://paulmillr.com/funding/"
      }
    },
    "node_modules/@noble/hashes": {
      "version": "2.2.0",
      "resolved": "https://registry.npmjs.org/@noble/hashes/-/hashes-2.2.0.tgz",
      "integrity": "sha512-IYqDGiTXab6FniAgnSdZwgWbomxpy9FtYvLKs7wCUs2a8RkITG+DFGO1DM9cr+E3/RgADRpFjrKVaJ1z6sjtEg==",
      "license": "MIT",
      "engines": {
        "node": ">= 20.19.0"
      },
      "funding": {
        "url": "https://paulmillr.com/funding/"
      }
    },
    "node_modules/@types/node": {
      "version": "22.19.19",
      "resolved": "https://registry.npmjs.org/@types/node/-/node-22.19.19.tgz",
      "integrity": "sha512-dyh/xO2Fh5bYrfWaaqGrRQQGkNdmYw6AmaAUvYeUMNTWQtvb796ikLdmTchRmOlOiIJ1TDXfWgVx1QkUlQ6Hew==",
      "dev": true,
      "license": "MIT",
      "dependencies": {
        "undici-types": "~6.21.0"
      }
    },
    "node_modules/typescript": {
      "version": "5.9.3",
      "resolved": "https://registry.npmjs.org/typescript/-/typescript-5.9.3.tgz",
      "integrity": "sha512-jl1vZzPDinLr9eUt3J/t7V6FgNEw9QjvBPdysz9KfQDD41fQrC2Y4vKQdiaUpFT4bXlb1RHhLpp8wtm6M5TgSw==",
      "dev": true,
      "license": "Apache-2.0",
      "bin": {
        "tsc": "bin/tsc",
        "tsserver": "bin/tsserver"
      },
      "engines": {
        "node": ">=14.17"
      }
    },
    "node_modules/undici-types": {
      "version": "6.21.0",
      "resolved": "https://registry.npmjs.org/undici-types/-/undici-types-6.21.0.tgz",
      "integrity": "sha512-iwDZqg0QAGrg9Rav5H4n0M64c3mkR59cJ6wQp+7C4nI0gsmExaedaYLNO44eT4AtBBwjbTiGPMlt2Md0T9H9JQ==",
      "dev": true,
      "license": "MIT"
    }
  }
}
